
Microsoft Visual Studio Solution File, Format Version 12.00
# Visual Studio Version 17
VisualStudioVersion = 17.7.34031.279
MinimumVisualStudioVersion = 10.0.40219.1
Project("{F2A71F9B-5D33-465A-A702-920D77279786}") = "03_PureFunctions", "03_PureFunctions\03_PureFunctions.fsproj", "{7A0D2277-BAF3-47A6-898A-4CF14D8BE451}"
EndProject
Global
	GlobalSection(SolutionConfigurationPlatforms) = preSolution
		Debug|Any CPU = Debug|Any CPU
		Release|Any CPU = Release|Any CPU
	EndGlobalSection
	GlobalSection(ProjectConfigurationPlatforms) = postSolution
		{7A0D2277-BAF3-47A6-898A-4CF14D8BE451}.Debug|Any CPU.ActiveCfg = Debug|Any CPU
		{7A0D2277-BAF3-47A6-898A-4CF14D8BE451}.Debug|Any CPU.Build.0 = Debug|Any CPU
		{7A0D2277-BAF3-47A6-898A-4CF14D8BE451}.Release|Any CPU.ActiveCfg = Release|Any CPU
		{7A0D2277-BAF3-47A6-898A-4CF14D8BE451}.Release|Any CPU.Build.0 = Release|Any CPU
	EndGlobalSection
	GlobalSection(SolutionProperties) = preSolution
		HideSolutionNode = FALSE
	EndGlobalSection
	GlobalSection(ExtensibilityGlobals) = postSolution
		SolutionGuid = {D3C354A6-E259-4607-BEAF-5047F6BBC787}
	EndGlobalSection
EndGlobal
