
Microsoft Visual Studio Solution File, Format Version 12.00
# Visual Studio Version 17
VisualStudioVersion = 17.7.34031.279
MinimumVisualStudioVersion = 10.0.40219.1
Project("{6EC3EE1D-3C4E-46DD-8F32-0CC8E7565705}") = "02_Anforderungen", "02_Anforderungen\02_Anforderungen.fsproj", "{9ECFFD12-8D66-4558-A639-1411740CE9EA}"
EndProject
Project("{6EC3EE1D-3C4E-46DD-8F32-0CC8E7565705}") = "CarRaceExample", "CarRaceExample\CarRaceExample.fsproj", "{47149867-6135-43DF-9F6C-ED363FAAE61A}"
EndProject
Project("{6EC3EE1D-3C4E-46DD-8F32-0CC8E7565705}") = "Destination", "Destination\Destination.fsproj", "{EE6B47EC-7720-4219-86AA-3EEF6D0AA4E2}"
EndProject
Project("{F2A71F9B-5D33-465A-A702-920D77279786}") = "PointsForWords", "PointsForWords\PointsForWords.fsproj", "{92BCBC54-B8E7-4ABA-A5BB-ABE73A105CF3}"
EndProject
Global
	GlobalSection(SolutionConfigurationPlatforms) = preSolution
		Debug|Any CPU = Debug|Any CPU
		Release|Any CPU = Release|Any CPU
	EndGlobalSection
	GlobalSection(ProjectConfigurationPlatforms) = postSolution
		{9ECFFD12-8D66-4558-A639-1411740CE9EA}.Debug|Any CPU.ActiveCfg = Debug|Any CPU
		{9ECFFD12-8D66-4558-A639-1411740CE9EA}.Debug|Any CPU.Build.0 = Debug|Any CPU
		{9ECFFD12-8D66-4558-A639-1411740CE9EA}.Release|Any CPU.ActiveCfg = Release|Any CPU
		{9ECFFD12-8D66-4558-A639-1411740CE9EA}.Release|Any CPU.Build.0 = Release|Any CPU
		{47149867-6135-43DF-9F6C-ED363FAAE61A}.Debug|Any CPU.ActiveCfg = Debug|Any CPU
		{47149867-6135-43DF-9F6C-ED363FAAE61A}.Debug|Any CPU.Build.0 = Debug|Any CPU
		{47149867-6135-43DF-9F6C-ED363FAAE61A}.Release|Any CPU.ActiveCfg = Release|Any CPU
		{47149867-6135-43DF-9F6C-ED363FAAE61A}.Release|Any CPU.Build.0 = Release|Any CPU
		{EE6B47EC-7720-4219-86AA-3EEF6D0AA4E2}.Debug|Any CPU.ActiveCfg = Debug|Any CPU
		{EE6B47EC-7720-4219-86AA-3EEF6D0AA4E2}.Debug|Any CPU.Build.0 = Debug|Any CPU
		{EE6B47EC-7720-4219-86AA-3EEF6D0AA4E2}.Release|Any CPU.ActiveCfg = Release|Any CPU
		{EE6B47EC-7720-4219-86AA-3EEF6D0AA4E2}.Release|Any CPU.Build.0 = Release|Any CPU
		{92BCBC54-B8E7-4ABA-A5BB-ABE73A105CF3}.Debug|Any CPU.ActiveCfg = Debug|Any CPU
		{92BCBC54-B8E7-4ABA-A5BB-ABE73A105CF3}.Debug|Any CPU.Build.0 = Debug|Any CPU
		{92BCBC54-B8E7-4ABA-A5BB-ABE73A105CF3}.Release|Any CPU.ActiveCfg = Release|Any CPU
		{92BCBC54-B8E7-4ABA-A5BB-ABE73A105CF3}.Release|Any CPU.Build.0 = Release|Any CPU
	EndGlobalSection
	GlobalSection(SolutionProperties) = preSolution
		HideSolutionNode = FALSE
	EndGlobalSection
	GlobalSection(ExtensibilityGlobals) = postSolution
		SolutionGuid = {6EFC96A8-AA70-49FF-879C-E872B1A58576}
	EndGlobalSection
EndGlobal
