
Microsoft Visual Studio Solution File, Format Version 12.00
# Visual Studio Version 17
VisualStudioVersion = 17.7.34031.279
MinimumVisualStudioVersion = 10.0.40219.1
Project("{F2A71F9B-5D33-465A-A702-920D77279786}") = "07_ErrorHandling", "07_ErrorHandling\07_ErrorHandling.fsproj", "{14C12E8E-AAAC-426C-BD98-3062A7D1ABCC}"
EndProject
Global
	GlobalSection(SolutionConfigurationPlatforms) = preSolution
		Debug|Any CPU = Debug|Any CPU
		Release|Any CPU = Release|Any CPU
	EndGlobalSection
	GlobalSection(ProjectConfigurationPlatforms) = postSolution
		{14C12E8E-AAAC-426C-BD98-3062A7D1ABCC}.Debug|Any CPU.ActiveCfg = Debug|Any CPU
		{14C12E8E-AAAC-426C-BD98-3062A7D1ABCC}.Debug|Any CPU.Build.0 = Debug|Any CPU
		{14C12E8E-AAAC-426C-BD98-3062A7D1ABCC}.Release|Any CPU.ActiveCfg = Release|Any CPU
		{14C12E8E-AAAC-426C-BD98-3062A7D1ABCC}.Release|Any CPU.Build.0 = Release|Any CPU
	EndGlobalSection
	GlobalSection(SolutionProperties) = preSolution
		HideSolutionNode = FALSE
	EndGlobalSection
	GlobalSection(ExtensibilityGlobals) = postSolution
		SolutionGuid = {42C4F985-B620-42FB-878D-47B7483FF75E}
	EndGlobalSection
EndGlobal
