
Microsoft Visual Studio Solution File, Format Version 12.00
# Visual Studio Version 17
VisualStudioVersion = 17.6.33829.357
MinimumVisualStudioVersion = 10.0.40219.1
Project("{F2A71F9B-5D33-465A-A702-920D77279786}") = "FSharp", "FSharp\FSharp.fsproj", "{76788CD1-3801-485F-A86E-08C186B3FE85}"
EndProject
Global
	GlobalSection(SolutionConfigurationPlatforms) = preSolution
		Debug|Any CPU = Debug|Any CPU
		Release|Any CPU = Release|Any CPU
	EndGlobalSection
	GlobalSection(ProjectConfigurationPlatforms) = postSolution
		{76788CD1-3801-485F-A86E-08C186B3FE85}.Debug|Any CPU.ActiveCfg = Debug|Any CPU
		{76788CD1-3801-485F-A86E-08C186B3FE85}.Debug|Any CPU.Build.0 = Debug|Any CPU
		{76788CD1-3801-485F-A86E-08C186B3FE85}.Release|Any CPU.ActiveCfg = Release|Any CPU
		{76788CD1-3801-485F-A86E-08C186B3FE85}.Release|Any CPU.Build.0 = Release|Any CPU
	EndGlobalSection
	GlobalSection(SolutionProperties) = preSolution
		HideSolutionNode = FALSE
	EndGlobalSection
	GlobalSection(ExtensibilityGlobals) = postSolution
		SolutionGuid = {4722A18F-D333-4093-9A4B-DC2638F5A0FD}
	EndGlobalSection
EndGlobal
